// !$*UTF8*$!
{
	archiveVersion = 1;
	classes = {
	};
	objectVersion = 56;
	objects = {

/* Begin PBXBuildFile section */
		17CF57262F2B1E2800C4F2C0 /* TimeEntry.swift in Sources */ = {isa = PBXBuildFile; fileRef = A4000001000 /* TimeEntry.swift */; };
		17CF57272F2B1E2800C4F2C0 /* Timesheet.swift in Sources */ = {isa = PBXBuildFile; fileRef = A4000001002 /* Timesheet.swift */; };
		17CF57282F2B1E2800C4F2C0 /* AppConfiguration.swift in Sources */ = {isa = PBXBuildFile; fileRef = A4000001004 /* AppConfiguration.swift */; };
		17CF57292F2B1E2800C4F2C0 /* StorageService.swift in Sources */ = {isa = PBXBuildFile; fileRef = A4000001006 /* StorageService.swift */; };
		17CF572A2F2B1E2800C4F2C0 /* EmailService.swift in Sources */ = {isa = PBXBuildFile; fileRef = A4000001008 /* EmailService.swift */; };
		17CF572B2F2B1E2800C4F2C0 /* NotificationService.swift in Sources */ = {isa = PBXBuildFile; fileRef = A4000001010 /* NotificationService.swift */; };
		17CF572C2F2B1E2800C4F2C0 /* TimeTrackingViewModel.swift in Sources */ = {isa = PBXBuildFile; fileRef = A4000001012 /* TimeTrackingViewModel.swift */; };
		17CF572D2F2B1E2800C4F2C0 /* TimerDisplayView.swift in Sources */ = {isa = PBXBuildFile; fileRef = A4000001014 /* TimerDisplayView.swift */; };
		17CF572E2F2B1E2800C4F2C0 /* EntryListView.swift in Sources */ = {isa = PBXBuildFile; fileRef = A4000001016 /* EntryListView.swift */; };
		17CF572F2F2B1E2800C4F2C0 /* EntryDetailView.swift in Sources */ = {isa = PBXBuildFile; fileRef = A4000001018 /* EntryDetailView.swift */; };
		17CF57302F2B1E2800C4F2C0 /* ConfigurationView.swift in Sources */ = {isa = PBXBuildFile; fileRef = A4000001020 /* ConfigurationView.swift */; };
		17CF57312F2B1E2800C4F2C0 /* TimesheetPreviewView.swift in Sources */ = {isa = PBXBuildFile; fileRef = A4000001022 /* TimesheetPreviewView.swift */; };
		17CF57322F2B1E2800C4F2C0 /* PlatformServices.swift in Sources */ = {isa = PBXBuildFile; fileRef = A4000001024 /* PlatformServices.swift */; };
		17CF57332F2B1E2800C4F2C0 /* TimeEntry.swift in Sources */ = {isa = PBXBuildFile; fileRef = A4000001000 /* TimeEntry.swift */; };
		17CF57342F2B1E2800C4F2C0 /* Timesheet.swift in Sources */ = {isa = PBXBuildFile; fileRef = A4000001002 /* Timesheet.swift */; };
		17CF57352F2B1E2800C4F2C0 /* AppConfiguration.swift in Sources */ = {isa = PBXBuildFile; fileRef = A4000001004 /* AppConfiguration.swift */; };
		A1000001001 /* SimpleTimesheetApp.swift in Sources */ = {isa = PBXBuildFile; fileRef = A1000001000 /* SimpleTimesheetApp.swift */; };
		A1000001003 /* ContentView.swift in Sources */ = {isa = PBXBuildFile; fileRef = A1000001002 /* ContentView.swift */; };
		A1000001005 /* TimerTab.swift in Sources */ = {isa = PBXBuildFile; fileRef = A1000001004 /* TimerTab.swift */; };
		A1000001007 /* HistoryTab.swift in Sources */ = {isa = PBXBuildFile; fileRef = A1000001006 /* HistoryTab.swift */; };
		A1000001009 /* TimesheetTab.swift in Sources */ = {isa = PBXBuildFile; fileRef = A1000001008 /* TimesheetTab.swift */; };
		A1000001011 /* SettingsTab.swift in Sources */ = {isa = PBXBuildFile; fileRef = A1000001010 /* SettingsTab.swift */; };
		A1000001013 /* AppIntents.swift in Sources */ = {isa = PBXBuildFile; fileRef = A1000001012 /* AppIntents.swift */; };
		A1000001015 /* Assets.xcassets in Resources */ = {isa = PBXBuildFile; fileRef = A1000001014 /* Assets.xcassets */; };
		A2000001001 /* SimpleTimesheetMacApp.swift in Sources */ = {isa = PBXBuildFile; fileRef = A2000001000 /* SimpleTimesheetMacApp.swift */; };
		A2000001003 /* MenuBarView.swift in Sources */ = {isa = PBXBuildFile; fileRef = A2000001002 /* MenuBarView.swift */; };
		A2000001005 /* SettingsView.swift in Sources */ = {isa = PBXBuildFile; fileRef = A2000001004 /* SettingsView.swift */; };
		A2000001007 /* Assets.xcassets in Resources */ = {isa = PBXBuildFile; fileRef = A1000001014 /* Assets.xcassets */; };
		A3000001001 /* SimpleTimesheetWidget.swift in Sources */ = {isa = PBXBuildFile; fileRef = A3000001000 /* SimpleTimesheetWidget.swift */; };
		A3000001003 /* TimerWidget.swift in Sources */ = {isa = PBXBuildFile; fileRef = A3000001002 /* TimerWidget.swift */; };
		A3000001005 /* SummaryWidget.swift in Sources */ = {isa = PBXBuildFile; fileRef = A3000001004 /* SummaryWidget.swift */; };
		A3000001007 /* Assets.xcassets in Resources */ = {isa = PBXBuildFile; fileRef = A1000001014 /* Assets.xcassets */; };
		A4000001001 /* TimeEntry.swift in Sources */ = {isa = PBXBuildFile; fileRef = A4000001000 /* TimeEntry.swift */; };
		A4000001003 /* Timesheet.swift in Sources */ = {isa = PBXBuildFile; fileRef = A4000001002 /* Timesheet.swift */; };
		A4000001005 /* AppConfiguration.swift in Sources */ = {isa = PBXBuildFile; fileRef = A4000001004 /* AppConfiguration.swift */; };
		A4000001007 /* StorageService.swift in Sources */ = {isa = PBXBuildFile; fileRef = A4000001006 /* StorageService.swift */; };
		A4000001009 /* EmailService.swift in Sources */ = {isa = PBXBuildFile; fileRef = A4000001008 /* EmailService.swift */; };
		A4000001011 /* NotificationService.swift in Sources */ = {isa = PBXBuildFile; fileRef = A4000001010 /* NotificationService.swift */; };
		A4000001013 /* TimeTrackingViewModel.swift in Sources */ = {isa = PBXBuildFile; fileRef = A4000001012 /* TimeTrackingViewModel.swift */; };
		A4000001015 /* TimerDisplayView.swift in Sources */ = {isa = PBXBuildFile; fileRef = A4000001014 /* TimerDisplayView.swift */; };
		A4000001017 /* EntryListView.swift in Sources */ = {isa = PBXBuildFile; fileRef = A4000001016 /* EntryListView.swift */; };
		A4000001019 /* EntryDetailView.swift in Sources */ = {isa = PBXBuildFile; fileRef = A4000001018 /* EntryDetailView.swift */; };
		A4000001021 /* ConfigurationView.swift in Sources */ = {isa = PBXBuildFile; fileRef = A4000001020 /* ConfigurationView.swift */; };
		A4000001023 /* TimesheetPreviewView.swift in Sources */ = {isa = PBXBuildFile; fileRef = A4000001022 /* TimesheetPreviewView.swift */; };
		A4000001025 /* PlatformServices.swift in Sources */ = {isa = PBXBuildFile; fileRef = A4000001024 /* PlatformServices.swift */; };
		A5000000001 /* SimpleTimesheetWidgetExtension.appex in Embed App Extensions */ = {isa = PBXBuildFile; fileRef = A3000000000 /* SimpleTimesheetWidgetExtension.appex */; settings = {ATTRIBUTES = (RemoveHeadersOnCopy, ); }; };
/* End PBXBuildFile section */

/* Begin PBXContainerItemProxy section */
		A5000000002 /* PBXContainerItemProxy */ = {
			isa = PBXContainerItemProxy;
			containerPortal = A0000000100 /* Project object */;
			proxyType = 1;
			remoteGlobalIDString = A3000000001;
			remoteInfo = SimpleTimesheetWidgetExtension;
		};
/* End PBXContainerItemProxy section */

/* Begin PBXCopyFilesBuildPhase section */
		A5000000003 /* Embed App Extensions */ = {
			isa = PBXCopyFilesBuildPhase;
			buildActionMask = 2147483647;
			dstPath = "";
			dstSubfolderSpec = 13;
			files = (
				A5000000001 /* SimpleTimesheetWidgetExtension.appex in Embed App Extensions */,
			);
			name = "Embed App Extensions";
			runOnlyForDeploymentPostprocessing = 0;
		};
/* End PBXCopyFilesBuildPhase section */

/* Begin PBXFileReference section */
		A1000000000 /* SimpleTimesheet.app */ = {isa = PBXFileReference; explicitFileType = wrapper.application; includeInIndex = 0; path = SimpleTimesheet.app; sourceTree = BUILT_PRODUCTS_DIR; };
		A1000001000 /* SimpleTimesheetApp.swift */ = {isa = PBXFileReference; lastKnownFileType = sourcecode.swift; path = SimpleTimesheetApp.swift; sourceTree = "<group>"; };
		A1000001002 /* ContentView.swift */ = {isa = PBXFileReference; lastKnownFileType = sourcecode.swift; path = ContentView.swift; sourceTree = "<group>"; };
		A1000001004 /* TimerTab.swift */ = {isa = PBXFileReference; lastKnownFileType = sourcecode.swift; path = TimerTab.swift; sourceTree = "<group>"; };
		A1000001006 /* HistoryTab.swift */ = {isa = PBXFileReference; lastKnownFileType = sourcecode.swift; path = HistoryTab.swift; sourceTree = "<group>"; };
		A1000001008 /* TimesheetTab.swift */ = {isa = PBXFileReference; lastKnownFileType = sourcecode.swift; path = TimesheetTab.swift; sourceTree = "<group>"; };
		A1000001010 /* SettingsTab.swift */ = {isa = PBXFileReference; lastKnownFileType = sourcecode.swift; path = SettingsTab.swift; sourceTree = "<group>"; };
		A1000001012 /* AppIntents.swift */ = {isa = PBXFileReference; lastKnownFileType = sourcecode.swift; path = AppIntents.swift; sourceTree = "<group>"; };
		A1000001014 /* Assets.xcassets */ = {isa = PBXFileReference; lastKnownFileType = folder.assetcatalog; path = Assets.xcassets; sourceTree = "<group>"; };
		A1000001016 /* Info.plist */ = {isa = PBXFileReference; lastKnownFileType = text.plist.xml; path = Info.plist; sourceTree = "<group>"; };
		A2000000000 /* SimpleTimesheetMac.app */ = {isa = PBXFileReference; explicitFileType = wrapper.application; includeInIndex = 0; path = SimpleTimesheetMac.app; sourceTree = BUILT_PRODUCTS_DIR; };
		A2000001000 /* SimpleTimesheetMacApp.swift */ = {isa = PBXFileReference; lastKnownFileType = sourcecode.swift; path = SimpleTimesheetMacApp.swift; sourceTree = "<group>"; };
		A2000001002 /* MenuBarView.swift */ = {isa = PBXFileReference; lastKnownFileType = sourcecode.swift; path = MenuBarView.swift; sourceTree = "<group>"; };
		A2000001004 /* SettingsView.swift */ = {isa = PBXFileReference; lastKnownFileType = sourcecode.swift; path = SettingsView.swift; sourceTree = "<group>"; };
		A2000001006 /* Info.plist */ = {isa = PBXFileReference; lastKnownFileType = text.plist.xml; path = Info.plist; sourceTree = "<group>"; };
		A3000000000 /* SimpleTimesheetWidgetExtension.appex */ = {isa = PBXFileReference; explicitFileType = "wrapper.app-extension"; includeInIndex = 0; path = SimpleTimesheetWidgetExtension.appex; sourceTree = BUILT_PRODUCTS_DIR; };
		A3000001000 /* SimpleTimesheetWidget.swift */ = {isa = PBXFileReference; lastKnownFileType = sourcecode.swift; path = SimpleTimesheetWidget.swift; sourceTree = "<group>"; };
		A3000001002 /* TimerWidget.swift */ = {isa = PBXFileReference; lastKnownFileType = sourcecode.swift; path = TimerWidget.swift; sourceTree = "<group>"; };
		A3000001004 /* SummaryWidget.swift */ = {isa = PBXFileReference; lastKnownFileType = sourcecode.swift; path = SummaryWidget.swift; sourceTree = "<group>"; };
		A3000001006 /* Info.plist */ = {isa = PBXFileReference; lastKnownFileType = text.plist.xml; path = Info.plist; sourceTree = "<group>"; };
		A4000001000 /* TimeEntry.swift */ = {isa = PBXFileReference; lastKnownFileType = sourcecode.swift; path = TimeEntry.swift; sourceTree = "<group>"; };
		A4000001002 /* Timesheet.swift */ = {isa = PBXFileReference; lastKnownFileType = sourcecode.swift; path = Timesheet.swift; sourceTree = "<group>"; };
		A4000001004 /* AppConfiguration.swift */ = {isa = PBXFileReference; lastKnownFileType = sourcecode.swift; path = AppConfiguration.swift; sourceTree = "<group>"; };
		A4000001006 /* StorageService.swift */ = {isa = PBXFileReference; lastKnownFileType = sourcecode.swift; path = StorageService.swift; sourceTree = "<group>"; };
		A4000001008 /* EmailService.swift */ = {isa = PBXFileReference; lastKnownFileType = sourcecode.swift; path = EmailService.swift; sourceTree = "<group>"; };
		A4000001010 /* NotificationService.swift */ = {isa = PBXFileReference; lastKnownFileType = sourcecode.swift; path = NotificationService.swift; sourceTree = "<group>"; };
		A4000001012 /* TimeTrackingViewModel.swift */ = {isa = PBXFileReference; lastKnownFileType = sourcecode.swift; path = TimeTrackingViewModel.swift; sourceTree = "<group>"; };
		A4000001014 /* TimerDisplayView.swift */ = {isa = PBXFileReference; lastKnownFileType = sourcecode.swift; path = TimerDisplayView.swift; sourceTree = "<group>"; };
		A4000001016 /* EntryListView.swift */ = {isa = PBXFileReference; lastKnownFileType = sourcecode.swift; path = EntryListView.swift; sourceTree = "<group>"; };
		A4000001018 /* EntryDetailView.swift */ = {isa = PBXFileReference; lastKnownFileType = sourcecode.swift; path = EntryDetailView.swift; sourceTree = "<group>"; };
		A4000001020 /* ConfigurationView.swift */ = {isa = PBXFileReference; lastKnownFileType = sourcecode.swift; path = ConfigurationView.swift; sourceTree = "<group>"; };
		A4000001022 /* TimesheetPreviewView.swift */ = {isa = PBXFileReference; lastKnownFileType = sourcecode.swift; path = TimesheetPreviewView.swift; sourceTree = "<group>"; };
		A4000001024 /* PlatformServices.swift */ = {isa = PBXFileReference; lastKnownFileType = sourcecode.swift; path = PlatformServices.swift; sourceTree = "<group>"; };
		A5000000010 /* SimpleTimesheet.entitlements */ = {isa = PBXFileReference; lastKnownFileType = text.plist.entitlements; path = SimpleTimesheet.entitlements; sourceTree = "<group>"; };
		A5000000011 /* SimpleTimesheetWidgetExtension.entitlements */ = {isa = PBXFileReference; lastKnownFileType = text.plist.entitlements; path = SimpleTimesheetWidgetExtension.entitlements; sourceTree = "<group>"; };
/* End PBXFileReference section */

/* Begin PBXGroup section */
		A0000000000 = {
			isa = PBXGroup;
			children = (
				A0000000001 /* SimpleTimesheet */,
				A0000000002 /* SimpleTimesheetMac */,
				A0000000003 /* SimpleTimesheetWidget */,
				A0000000004 /* Sources */,
				A0000000005 /* Assets */,
				A0000000006 /* Products */,
			);
			sourceTree = "<group>";
		};
		A0000000001 /* SimpleTimesheet */ = {
			isa = PBXGroup;
			children = (
				A5000000010 /* SimpleTimesheet.entitlements */,
				A1000001000 /* SimpleTimesheetApp.swift */,
				A1000001002 /* ContentView.swift */,
				A1000001004 /* TimerTab.swift */,
				A1000001006 /* HistoryTab.swift */,
				A1000001008 /* TimesheetTab.swift */,
				A1000001010 /* SettingsTab.swift */,
				A1000001012 /* AppIntents.swift */,
				A1000001016 /* Info.plist */,
			);
			path = SimpleTimesheet;
			sourceTree = "<group>";
		};
		A0000000002 /* SimpleTimesheetMac */ = {
			isa = PBXGroup;
			children = (
				A2000001000 /* SimpleTimesheetMacApp.swift */,
				A2000001002 /* MenuBarView.swift */,
				A2000001004 /* SettingsView.swift */,
				A2000001006 /* Info.plist */,
			);
			path = SimpleTimesheetMac;
			sourceTree = "<group>";
		};
		A0000000003 /* SimpleTimesheetWidget */ = {
			isa = PBXGroup;
			children = (
				A5000000011 /* SimpleTimesheetWidgetExtension.entitlements */,
				A3000001000 /* SimpleTimesheetWidget.swift */,
				A3000001002 /* TimerWidget.swift */,
				A3000001004 /* SummaryWidget.swift */,
				A3000001006 /* Info.plist */,
			);
			path = SimpleTimesheetWidget;
			sourceTree = "<group>";
		};
		A0000000004 /* Sources */ = {
			isa = PBXGroup;
			children = (
				A0000000007 /* SimpleTimesheetCore */,
			);
			path = Sources;
			sourceTree = "<group>";
		};
		A0000000005 /* Assets */ = {
			isa = PBXGroup;
			children = (
				A1000001014 /* Assets.xcassets */,
			);
			path = Assets;
			sourceTree = "<group>";
		};
		A0000000006 /* Products */ = {
			isa = PBXGroup;
			children = (
				A1000000000 /* SimpleTimesheet.app */,
				A2000000000 /* SimpleTimesheetMac.app */,
				A3000000000 /* SimpleTimesheetWidgetExtension.appex */,
			);
			name = Products;
			sourceTree = "<group>";
		};
		A0000000007 /* SimpleTimesheetCore */ = {
			isa = PBXGroup;
			children = (
				A0000000008 /* Models */,
				A0000000009 /* Services */,
				A0000000010 /* ViewModels */,
				A0000000011 /* Views */,
				A0000000012 /* Platform */,
			);
			path = SimpleTimesheetCore;
			sourceTree = "<group>";
		};
		A0000000008 /* Models */ = {
			isa = PBXGroup;
			children = (
				A4000001000 /* TimeEntry.swift */,
				A4000001002 /* Timesheet.swift */,
				A4000001004 /* AppConfiguration.swift */,
			);
			path = Models;
			sourceTree = "<group>";
		};
		A0000000009 /* Services */ = {
			isa = PBXGroup;
			children = (
				A4000001006 /* StorageService.swift */,
				A4000001008 /* EmailService.swift */,
				A4000001010 /* NotificationService.swift */,
			);
			path = Services;
			sourceTree = "<group>";
		};
		A0000000010 /* ViewModels */ = {
			isa = PBXGroup;
			children = (
				A4000001012 /* TimeTrackingViewModel.swift */,
			);
			path = ViewModels;
			sourceTree = "<group>";
		};
		A0000000011 /* Views */ = {
			isa = PBXGroup;
			children = (
				A4000001014 /* TimerDisplayView.swift */,
				A4000001016 /* EntryListView.swift */,
				A4000001018 /* EntryDetailView.swift */,
				A4000001020 /* ConfigurationView.swift */,
				A4000001022 /* TimesheetPreviewView.swift */,
			);
			path = Views;
			sourceTree = "<group>";
		};
		A0000000012 /* Platform */ = {
			isa = PBXGroup;
			children = (
				A4000001024 /* PlatformServices.swift */,
			);
			path = Platform;
			sourceTree = "<group>";
		};
/* End PBXGroup section */

/* Begin PBXNativeTarget section */
		A1000000001 /* SimpleTimesheet */ = {
			isa = PBXNativeTarget;
			buildConfigurationList = A1000000010 /* Build configuration list for PBXNativeTarget "SimpleTimesheet" */;
			buildPhases = (
				A1000000002 /* Sources */,
				A1000000003 /* Resources */,
				A5000000003 /* Embed App Extensions */,
			);
			buildRules = (
			);
			dependencies = (
				A5000000004 /* PBXTargetDependency */,
			);
			name = SimpleTimesheet;
			productName = SimpleTimesheet;
			productReference = A1000000000 /* SimpleTimesheet.app */;
			productType = "com.apple.product-type.application";
		};
		A2000000001 /* SimpleTimesheetMac */ = {
			isa = PBXNativeTarget;
			buildConfigurationList = A2000000010 /* Build configuration list for PBXNativeTarget "SimpleTimesheetMac" */;
			buildPhases = (
				A2000000002 /* Sources */,
				A2000000003 /* Resources */,
			);
			buildRules = (
			);
			dependencies = (
			);
			name = SimpleTimesheetMac;
			productName = SimpleTimesheetMac;
			productReference = A2000000000 /* SimpleTimesheetMac.app */;
			productType = "com.apple.product-type.application";
		};
		A3000000001 /* SimpleTimesheetWidgetExtension */ = {
			isa = PBXNativeTarget;
			buildConfigurationList = A3000000010 /* Build configuration list for PBXNativeTarget "SimpleTimesheetWidgetExtension" */;
			buildPhases = (
				A3000000002 /* Sources */,
				A3000000003 /* Resources */,
			);
			buildRules = (
			);
			dependencies = (
			);
			name = SimpleTimesheetWidgetExtension;
			productName = SimpleTimesheetWidgetExtension;
			productReference = A3000000000 /* SimpleTimesheetWidgetExtension.appex */;
			productType = "com.apple.product-type.app-extension";
		};
/* End PBXNativeTarget section */

/* Begin PBXProject section */
		A0000000100 /* Project object */ = {
			isa = PBXProject;
			attributes = {
				BuildIndependentTargetsInParallel = 1;
				LastSwiftUpdateCheck = 1600;
				LastUpgradeCheck = 1600;
				TargetAttributes = {
					A1000000001 = {
						CreatedOnToolsVersion = 16.0;
					};
					A2000000001 = {
						CreatedOnToolsVersion = 16.0;
					};
					A3000000001 = {
						CreatedOnToolsVersion = 16.0;
					};
				};
			};
			buildConfigurationList = A0000000101 /* Build configuration list for PBXProject "SimpleTimesheet" */;
			compatibilityVersion = "Xcode 14.0";
			developmentRegion = en;
			hasScannedForEncodings = 0;
			knownRegions = (
				en,
				Base,
			);
			mainGroup = A0000000000;
			productRefGroup = A0000000006 /* Products */;
			projectDirPath = "";
			projectRoot = "";
			targets = (
				A1000000001 /* SimpleTimesheet */,
				A2000000001 /* SimpleTimesheetMac */,
				A3000000001 /* SimpleTimesheetWidgetExtension */,
			);
		};
/* End PBXProject section */

/* Begin PBXResourcesBuildPhase section */
		A1000000003 /* Resources */ = {
			isa = PBXResourcesBuildPhase;
			buildActionMask = 2147483647;
			files = (
				A1000001015 /* Assets.xcassets in Resources */,
			);
			runOnlyForDeploymentPostprocessing = 0;
		};
		A2000000003 /* Resources */ = {
			isa = PBXResourcesBuildPhase;
			buildActionMask = 2147483647;
			files = (
				A2000001007 /* Assets.xcassets in Resources */,
			);
			runOnlyForDeploymentPostprocessing = 0;
		};
		A3000000003 /* Resources */ = {
			isa = PBXResourcesBuildPhase;
			buildActionMask = 2147483647;
			files = (
				A3000001007 /* Assets.xcassets in Resources */,
			);
			runOnlyForDeploymentPostprocessing = 0;
		};
/* End PBXResourcesBuildPhase section */

/* Begin PBXSourcesBuildPhase section */
		A1000000002 /* Sources */ = {
			isa = PBXSourcesBuildPhase;
			buildActionMask = 2147483647;
			files = (
				A1000001001 /* SimpleTimesheetApp.swift in Sources */,
				A1000001003 /* ContentView.swift in Sources */,
				A1000001005 /* TimerTab.swift in Sources */,
				A1000001007 /* HistoryTab.swift in Sources */,
				A1000001009 /* TimesheetTab.swift in Sources */,
				A1000001011 /* SettingsTab.swift in Sources */,
				A1000001013 /* AppIntents.swift in Sources */,
				A4000001001 /* TimeEntry.swift in Sources */,
				A4000001003 /* Timesheet.swift in Sources */,
				A4000001005 /* AppConfiguration.swift in Sources */,
				A4000001007 /* StorageService.swift in Sources */,
				A4000001009 /* EmailService.swift in Sources */,
				A4000001011 /* NotificationService.swift in Sources */,
				A4000001013 /* TimeTrackingViewModel.swift in Sources */,
				A4000001015 /* TimerDisplayView.swift in Sources */,
				A4000001017 /* EntryListView.swift in Sources */,
				A4000001019 /* EntryDetailView.swift in Sources */,
				A4000001021 /* ConfigurationView.swift in Sources */,
				A4000001023 /* TimesheetPreviewView.swift in Sources */,
				A4000001025 /* PlatformServices.swift in Sources */,
			);
			runOnlyForDeploymentPostprocessing = 0;
		};
		A2000000002 /* Sources */ = {
			isa = PBXSourcesBuildPhase;
			buildActionMask = 2147483647;
			files = (
				A2000001001 /* SimpleTimesheetMacApp.swift in Sources */,
				A2000001003 /* MenuBarView.swift in Sources */,
				A2000001005 /* SettingsView.swift in Sources */,
				17CF57262F2B1E2800C4F2C0 /* TimeEntry.swift in Sources */,
				17CF57272F2B1E2800C4F2C0 /* Timesheet.swift in Sources */,
				17CF57282F2B1E2800C4F2C0 /* AppConfiguration.swift in Sources */,
				17CF57292F2B1E2800C4F2C0 /* StorageService.swift in Sources */,
				17CF572A2F2B1E2800C4F2C0 /* EmailService.swift in Sources */,
				17CF572B2F2B1E2800C4F2C0 /* NotificationService.swift in Sources */,
				17CF572C2F2B1E2800C4F2C0 /* TimeTrackingViewModel.swift in Sources */,
				17CF572D2F2B1E2800C4F2C0 /* TimerDisplayView.swift in Sources */,
				17CF572E2F2B1E2800C4F2C0 /* EntryListView.swift in Sources */,
				17CF572F2F2B1E2800C4F2C0 /* EntryDetailView.swift in Sources */,
				17CF57302F2B1E2800C4F2C0 /* ConfigurationView.swift in Sources */,
				17CF57312F2B1E2800C4F2C0 /* TimesheetPreviewView.swift in Sources */,
				17CF57322F2B1E2800C4F2C0 /* PlatformServices.swift in Sources */,
			);
			runOnlyForDeploymentPostprocessing = 0;
		};
		A3000000002 /* Sources */ = {
			isa = PBXSourcesBuildPhase;
			buildActionMask = 2147483647;
			files = (
				A3000001001 /* SimpleTimesheetWidget.swift in Sources */,
				A3000001003 /* TimerWidget.swift in Sources */,
				A3000001005 /* SummaryWidget.swift in Sources */,
				17CF57332F2B1E2800C4F2C0 /* TimeEntry.swift in Sources */,
				17CF57342F2B1E2800C4F2C0 /* Timesheet.swift in Sources */,
				17CF57352F2B1E2800C4F2C0 /* AppConfiguration.swift in Sources */,
			);
			runOnlyForDeploymentPostprocessing = 0;
		};
/* End PBXSourcesBuildPhase section */

/* Begin PBXTargetDependency section */
		A5000000004 /* PBXTargetDependency */ = {
			isa = PBXTargetDependency;
			target = A3000000001 /* SimpleTimesheetWidgetExtension */;
			targetProxy = A5000000002 /* PBXContainerItemProxy */;
		};
/* End PBXTargetDependency section */

/* Begin XCBuildConfiguration section */
		A0000000102 /* Debug */ = {
			isa = XCBuildConfiguration;
			buildSettings = {
				ALWAYS_SEARCH_USER_PATHS = NO;
				ASSETCATALOG_COMPILER_GENERATE_SWIFT_ASSET_SYMBOL_EXTENSIONS = YES;
				CLANG_ANALYZER_NONNULL = YES;
				CLANG_ANALYZER_NUMBER_OBJECT_CONVERSION = YES_AGGRESSIVE;
				CLANG_CXX_LANGUAGE_STANDARD = "gnu++20";
				CLANG_ENABLE_MODULES = YES;
				CLANG_ENABLE_OBJC_ARC = YES;
				CLANG_ENABLE_OBJC_WEAK = YES;
				CLANG_WARN_BLOCK_CAPTURE_AUTORELEASING = YES;
				CLANG_WARN_BOOL_CONVERSION = YES;
				CLANG_WARN_COMMA = YES;
				CLANG_WARN_CONSTANT_CONVERSION = YES;
				CLANG_WARN_DEPRECATED_OBJC_IMPLEMENTATIONS = YES;
				CLANG_WARN_DIRECT_OBJC_ISA_USAGE = YES_ERROR;
				CLANG_WARN_DOCUMENTATION_COMMENTS = YES;
				CLANG_WARN_EMPTY_BODY = YES;
				CLANG_WARN_ENUM_CONVERSION = YES;
				CLANG_WARN_INFINITE_RECURSION = YES;
				CLANG_WARN_INT_CONVERSION = YES;
				CLANG_WARN_NON_LITERAL_NULL_CONVERSION = YES;
				CLANG_WARN_OBJC_IMPLICIT_RETAIN_SELF = YES;
				CLANG_WARN_OBJC_LITERAL_CONVERSION = YES;
				CLANG_WARN_OBJC_ROOT_CLASS = YES_ERROR;
				CLANG_WARN_QUOTED_INCLUDE_IN_FRAMEWORK_HEADER = YES;
				CLANG_WARN_RANGE_LOOP_ANALYSIS = YES;
				CLANG_WARN_STRICT_PROTOTYPES = YES;
				CLANG_WARN_SUSPICIOUS_MOVE = YES;
				CLANG_WARN_UNGUARDED_AVAILABILITY = YES_AGGRESSIVE;
				CLANG_WARN_UNREACHABLE_CODE = YES;
				CLANG_WARN__DUPLICATE_METHOD_MATCH = YES;
				COPY_PHASE_STRIP = NO;
				DEBUG_INFORMATION_FORMAT = dwarf;
				ENABLE_STRICT_OBJC_MSGSEND = YES;
				ENABLE_TESTABILITY = YES;
				ENABLE_USER_SCRIPT_SANDBOXING = YES;
				GCC_C_LANGUAGE_STANDARD = gnu17;
				GCC_DYNAMIC_NO_PIC = NO;
				GCC_NO_COMMON_BLOCKS = YES;
				GCC_OPTIMIZATION_LEVEL = 0;
				GCC_PREPROCESSOR_DEFINITIONS = (
					"DEBUG=1",
					"$(inherited)",
				);
				GCC_WARN_64_TO_32_BIT_CONVERSION = YES;
				GCC_WARN_ABOUT_RETURN_TYPE = YES_ERROR;
				GCC_WARN_UNDECLARED_SELECTOR = YES;
				GCC_WARN_UNINITIALIZED_AUTOS = YES_AGGRESSIVE;
				GCC_WARN_UNUSED_FUNCTION = YES;
				GCC_WARN_UNUSED_VARIABLE = YES;
				LOCALIZATION_PREFERS_STRING_CATALOGS = YES;
				MTL_ENABLE_DEBUG_INFO = INCLUDE_SOURCE;
				MTL_FAST_MATH = YES;
				ONLY_ACTIVE_ARCH = YES;
				SWIFT_ACTIVE_COMPILATION_CONDITIONS = "DEBUG $(inherited)";
				SWIFT_OPTIMIZATION_LEVEL = "-Onone";
			};
			name = Debug;
		};
		A0000000103 /* Release */ = {
			isa = XCBuildConfiguration;
			buildSettings = {
				ALWAYS_SEARCH_USER_PATHS = NO;
				ASSETCATALOG_COMPILER_GENERATE_SWIFT_ASSET_SYMBOL_EXTENSIONS = YES;
				CLANG_ANALYZER_NONNULL = YES;
				CLANG_ANALYZER_NUMBER_OBJECT_CONVERSION = YES_AGGRESSIVE;
				CLANG_CXX_LANGUAGE_STANDARD = "gnu++20";
				CLANG_ENABLE_MODULES = YES;
				CLANG_ENABLE_OBJC_ARC = YES;
				CLANG_ENABLE_OBJC_WEAK = YES;
				CLANG_WARN_BLOCK_CAPTURE_AUTORELEASING = YES;
				CLANG_WARN_BOOL_CONVERSION = YES;
				CLANG_WARN_COMMA = YES;
				CLANG_WARN_CONSTANT_CONVERSION = YES;
				CLANG_WARN_DEPRECATED_OBJC_IMPLEMENTATIONS = YES;
				CLANG_WARN_DIRECT_OBJC_ISA_USAGE = YES_ERROR;
				CLANG_WARN_DOCUMENTATION_COMMENTS = YES;
				CLANG_WARN_EMPTY_BODY = YES;
				CLANG_WARN_ENUM_CONVERSION = YES;
				CLANG_WARN_INFINITE_RECURSION = YES;
				CLANG_WARN_INT_CONVERSION = YES;
				CLANG_WARN_NON_LITERAL_NULL_CONVERSION = YES;
				CLANG_WARN_OBJC_IMPLICIT_RETAIN_SELF = YES;
				CLANG_WARN_OBJC_LITERAL_CONVERSION = YES;
				CLANG_WARN_OBJC_ROOT_CLASS = YES_ERROR;
				CLANG_WARN_QUOTED_INCLUDE_IN_FRAMEWORK_HEADER = YES;
				CLANG_WARN_RANGE_LOOP_ANALYSIS = YES;
				CLANG_WARN_STRICT_PROTOTYPES = YES;
				CLANG_WARN_SUSPICIOUS_MOVE = YES;
				CLANG_WARN_UNGUARDED_AVAILABILITY = YES_AGGRESSIVE;
				CLANG_WARN_UNREACHABLE_CODE = YES;
				CLANG_WARN__DUPLICATE_METHOD_MATCH = YES;
				COPY_PHASE_STRIP = NO;
				DEBUG_INFORMATION_FORMAT = "dwarf-with-dsym";
				ENABLE_NS_ASSERTIONS = NO;
				ENABLE_STRICT_OBJC_MSGSEND = YES;
				ENABLE_USER_SCRIPT_SANDBOXING = YES;
				GCC_C_LANGUAGE_STANDARD = gnu17;
				GCC_NO_COMMON_BLOCKS = YES;
				GCC_WARN_64_TO_32_BIT_CONVERSION = YES;
				GCC_WARN_ABOUT_RETURN_TYPE = YES_ERROR;
				GCC_WARN_UNDECLARED_SELECTOR = YES;
				GCC_WARN_UNINITIALIZED_AUTOS = YES_AGGRESSIVE;
				GCC_WARN_UNUSED_FUNCTION = YES;
				GCC_WARN_UNUSED_VARIABLE = YES;
				LOCALIZATION_PREFERS_STRING_CATALOGS = YES;
				MTL_ENABLE_DEBUG_INFO = NO;
				MTL_FAST_MATH = YES;
				SWIFT_COMPILATION_MODE = wholemodule;
			};
			name = Release;
		};
		A1000000011 /* Debug */ = {
			isa = XCBuildConfiguration;
			buildSettings = {
				ALWAYS_EMBED_SWIFT_STANDARD_LIBRARIES = YES;
				ASSETCATALOG_COMPILER_APPICON_NAME = AppIcon;
				ASSETCATALOG_COMPILER_GLOBAL_ACCENT_COLOR_NAME = AccentColor;
				CODE_SIGN_ENTITLEMENTS = SimpleTimesheet/SimpleTimesheet.entitlements;
				CODE_SIGN_STYLE = Automatic;
				CURRENT_PROJECT_VERSION = 1;
				DEVELOPMENT_TEAM = Q8GTNJD9W6;
				GENERATE_INFOPLIST_FILE = YES;
				INFOPLIST_FILE = SimpleTimesheet/Info.plist;
				INFOPLIST_KEY_UIApplicationSceneManifest_Generation = YES;
				INFOPLIST_KEY_UIApplicationSupportsIndirectInputEvents = YES;
				INFOPLIST_KEY_UILaunchScreen_Generation = YES;
				INFOPLIST_KEY_UISupportedInterfaceOrientations_iPad = "UIInterfaceOrientationPortrait UIInterfaceOrientationPortraitUpsideDown UIInterfaceOrientationLandscapeLeft UIInterfaceOrientationLandscapeRight";
				INFOPLIST_KEY_UISupportedInterfaceOrientations_iPhone = "UIInterfaceOrientationPortrait UIInterfaceOrientationLandscapeLeft UIInterfaceOrientationLandscapeRight";
				IPHONEOS_DEPLOYMENT_TARGET = 17.0;
				LD_RUNPATH_SEARCH_PATHS = (
					"$(inherited)",
					"@executable_path/Frameworks",
				);
				MARKETING_VERSION = 1.0;
				PRODUCT_BUNDLE_IDENTIFIER = com.simpletimesheet.app;
				PRODUCT_NAME = "$(TARGET_NAME)";
				SDKROOT = iphoneos;
				SWIFT_EMIT_LOC_STRINGS = YES;
				SWIFT_VERSION = 5.0;
				TARGETED_DEVICE_FAMILY = "1,2";
			};
			name = Debug;
		};
		A1000000012 /* Release */ = {
			isa = XCBuildConfiguration;
			buildSettings = {
				ALWAYS_EMBED_SWIFT_STANDARD_LIBRARIES = YES;
				ASSETCATALOG_COMPILER_APPICON_NAME = AppIcon;
				ASSETCATALOG_COMPILER_GLOBAL_ACCENT_COLOR_NAME = AccentColor;
				CODE_SIGN_ENTITLEMENTS = SimpleTimesheet/SimpleTimesheet.entitlements;
				CODE_SIGN_STYLE = Automatic;
				CURRENT_PROJECT_VERSION = 1;
				DEVELOPMENT_TEAM = Q8GTNJD9W6;
				GENERATE_INFOPLIST_FILE = YES;
				INFOPLIST_FILE = SimpleTimesheet/Info.plist;
				INFOPLIST_KEY_UIApplicationSceneManifest_Generation = YES;
				INFOPLIST_KEY_UIApplicationSupportsIndirectInputEvents = YES;
				INFOPLIST_KEY_UILaunchScreen_Generation = YES;
				INFOPLIST_KEY_UISupportedInterfaceOrientations_iPad = "UIInterfaceOrientationPortrait UIInterfaceOrientationPortraitUpsideDown UIInterfaceOrientationLandscapeLeft UIInterfaceOrientationLandscapeRight";
				INFOPLIST_KEY_UISupportedInterfaceOrientations_iPhone = "UIInterfaceOrientationPortrait UIInterfaceOrientationLandscapeLeft UIInterfaceOrientationLandscapeRight";
				IPHONEOS_DEPLOYMENT_TARGET = 17.0;
				LD_RUNPATH_SEARCH_PATHS = (
					"$(inherited)",
					"@executable_path/Frameworks",
				);
				MARKETING_VERSION = 1.0;
				PRODUCT_BUNDLE_IDENTIFIER = com.simpletimesheet.app;
				PRODUCT_NAME = "$(TARGET_NAME)";
				SDKROOT = iphoneos;
				SWIFT_EMIT_LOC_STRINGS = YES;
				SWIFT_VERSION = 5.0;
				TARGETED_DEVICE_FAMILY = "1,2";
				VALIDATE_PRODUCT = YES;
			};
			name = Release;
		};
		A2000000011 /* Debug */ = {
			isa = XCBuildConfiguration;
			buildSettings = {
				ASSETCATALOG_COMPILER_APPICON_NAME = AppIcon;
				ASSETCATALOG_COMPILER_GLOBAL_ACCENT_COLOR_NAME = AccentColor;
				AUTOMATION_APPLE_EVENTS = NO;
				CODE_SIGN_ENTITLEMENTS = "";
				"CODE_SIGN_IDENTITY[sdk=macosx*]" = "Apple Development";
				CODE_SIGN_STYLE = Automatic;
				COMBINE_HIDPI_IMAGES = YES;
				CURRENT_PROJECT_VERSION = 1;
				DEVELOPMENT_TEAM = Q8GTNJD9W6;
				ENABLE_HARDENED_RUNTIME = YES;
				ENABLE_RESOURCE_ACCESS_AUDIO_INPUT = NO;
				ENABLE_RESOURCE_ACCESS_CALENDARS = YES;
				ENABLE_RESOURCE_ACCESS_CAMERA = NO;
				ENABLE_RESOURCE_ACCESS_CONTACTS = YES;
				ENABLE_RESOURCE_ACCESS_LOCATION = NO;
				ENABLE_RESOURCE_ACCESS_PHOTO_LIBRARY = NO;
				GENERATE_INFOPLIST_FILE = YES;
				INFOPLIST_FILE = SimpleTimesheetMac/Info.plist;
				INFOPLIST_KEY_LSUIElement = YES;
				INFOPLIST_KEY_NSHumanReadableCopyright = "";
				LD_RUNPATH_SEARCH_PATHS = (
					"$(inherited)",
					"@executable_path/../Frameworks",
				);
				MACOSX_DEPLOYMENT_TARGET = 14.0;
				MARKETING_VERSION = 1.0;
				PRODUCT_BUNDLE_IDENTIFIER = com.simpletimesheet.mac;
				PRODUCT_NAME = "$(TARGET_NAME)";
				RUNTIME_EXCEPTION_ALLOW_DYLD_ENVIRONMENT_VARIABLES = NO;
				RUNTIME_EXCEPTION_ALLOW_JIT = NO;
				RUNTIME_EXCEPTION_ALLOW_UNSIGNED_EXECUTABLE_MEMORY = NO;
				RUNTIME_EXCEPTION_DEBUGGING_TOOL = NO;
				RUNTIME_EXCEPTION_DISABLE_EXECUTABLE_PAGE_PROTECTION = NO;
				RUNTIME_EXCEPTION_DISABLE_LIBRARY_VALIDATION = NO;
				SDKROOT = macosx;
				SWIFT_EMIT_LOC_STRINGS = YES;
				SWIFT_VERSION = 5.0;
			};
			name = Debug;
		};
		A2000000012 /* Release */ = {
			isa = XCBuildConfiguration;
			buildSettings = {
				ASSETCATALOG_COMPILER_APPICON_NAME = AppIcon;
				ASSETCATALOG_COMPILER_GLOBAL_ACCENT_COLOR_NAME = AccentColor;
				AUTOMATION_APPLE_EVENTS = NO;
				CODE_SIGN_ENTITLEMENTS = "";
				"CODE_SIGN_IDENTITY[sdk=macosx*]" = "Apple Development";
				CODE_SIGN_STYLE = Automatic;
				COMBINE_HIDPI_IMAGES = YES;
				CURRENT_PROJECT_VERSION = 1;
				DEVELOPMENT_TEAM = Q8GTNJD9W6;
				ENABLE_HARDENED_RUNTIME = YES;
				ENABLE_RESOURCE_ACCESS_AUDIO_INPUT = NO;
				ENABLE_RESOURCE_ACCESS_CALENDARS = YES;
				ENABLE_RESOURCE_ACCESS_CAMERA = NO;
				ENABLE_RESOURCE_ACCESS_CONTACTS = YES;
				ENABLE_RESOURCE_ACCESS_LOCATION = NO;
				ENABLE_RESOURCE_ACCESS_PHOTO_LIBRARY = NO;
				GENERATE_INFOPLIST_FILE = YES;
				INFOPLIST_FILE = SimpleTimesheetMac/Info.plist;
				INFOPLIST_KEY_LSUIElement = YES;
				INFOPLIST_KEY_NSHumanReadableCopyright = "";
				LD_RUNPATH_SEARCH_PATHS = (
					"$(inherited)",
					"@executable_path/../Frameworks",
				);
				MACOSX_DEPLOYMENT_TARGET = 14.0;
				MARKETING_VERSION = 1.0;
				PRODUCT_BUNDLE_IDENTIFIER = com.simpletimesheet.mac;
				PRODUCT_NAME = "$(TARGET_NAME)";
				RUNTIME_EXCEPTION_ALLOW_DYLD_ENVIRONMENT_VARIABLES = NO;
				RUNTIME_EXCEPTION_ALLOW_JIT = NO;
				RUNTIME_EXCEPTION_ALLOW_UNSIGNED_EXECUTABLE_MEMORY = NO;
				RUNTIME_EXCEPTION_DEBUGGING_TOOL = NO;
				RUNTIME_EXCEPTION_DISABLE_EXECUTABLE_PAGE_PROTECTION = NO;
				RUNTIME_EXCEPTION_DISABLE_LIBRARY_VALIDATION = NO;
				SDKROOT = macosx;
				SWIFT_EMIT_LOC_STRINGS = YES;
				SWIFT_VERSION = 5.0;
			};
			name = Release;
		};
		A3000000011 /* Debug */ = {
			isa = XCBuildConfiguration;
			buildSettings = {
				ASSETCATALOG_COMPILER_GLOBAL_ACCENT_COLOR_NAME = AccentColor;
				ASSETCATALOG_COMPILER_WIDGET_BACKGROUND_COLOR_NAME = WidgetBackground;
				CODE_SIGN_ENTITLEMENTS = SimpleTimesheetWidget/SimpleTimesheetWidgetExtension.entitlements;
				CODE_SIGN_STYLE = Automatic;
				CURRENT_PROJECT_VERSION = 1;
				DEVELOPMENT_TEAM = Q8GTNJD9W6;
				GENERATE_INFOPLIST_FILE = YES;
				INFOPLIST_FILE = SimpleTimesheetWidget/Info.plist;
				INFOPLIST_KEY_CFBundleDisplayName = SimpleTimesheetWidget;
				INFOPLIST_KEY_NSHumanReadableCopyright = "";
				IPHONEOS_DEPLOYMENT_TARGET = 17.0;
				LD_RUNPATH_SEARCH_PATHS = (
					"$(inherited)",
					"@executable_path/Frameworks",
					"@executable_path/../../Frameworks",
				);
				MARKETING_VERSION = 1.0;
				PRODUCT_BUNDLE_IDENTIFIER = com.simpletimesheet.app.widget;
				PRODUCT_NAME = "$(TARGET_NAME)";
				SDKROOT = iphoneos;
				SKIP_INSTALL = YES;
				SWIFT_EMIT_LOC_STRINGS = YES;
				SWIFT_VERSION = 5.0;
				TARGETED_DEVICE_FAMILY = "1,2";
			};
			name = Debug;
		};
		A3000000012 /* Release */ = {
			isa = XCBuildConfiguration;
			buildSettings = {
				ASSETCATALOG_COMPILER_GLOBAL_ACCENT_COLOR_NAME = AccentColor;
				ASSETCATALOG_COMPILER_WIDGET_BACKGROUND_COLOR_NAME = WidgetBackground;
				CODE_SIGN_ENTITLEMENTS = SimpleTimesheetWidget/SimpleTimesheetWidgetExtension.entitlements;
				CODE_SIGN_STYLE = Automatic;
				CURRENT_PROJECT_VERSION = 1;
				DEVELOPMENT_TEAM = Q8GTNJD9W6;
				GENERATE_INFOPLIST_FILE = YES;
				INFOPLIST_FILE = SimpleTimesheetWidget/Info.plist;
				INFOPLIST_KEY_CFBundleDisplayName = SimpleTimesheetWidget;
				INFOPLIST_KEY_NSHumanReadableCopyright = "";
				IPHONEOS_DEPLOYMENT_TARGET = 17.0;
				LD_RUNPATH_SEARCH_PATHS = (
					"$(inherited)",
					"@executable_path/Frameworks",
					"@executable_path/../../Frameworks",
				);
				MARKETING_VERSION = 1.0;
				PRODUCT_BUNDLE_IDENTIFIER = com.simpletimesheet.app.widget;
				PRODUCT_NAME = "$(TARGET_NAME)";
				SDKROOT = iphoneos;
				SKIP_INSTALL = YES;
				SWIFT_EMIT_LOC_STRINGS = YES;
				SWIFT_VERSION = 5.0;
				TARGETED_DEVICE_FAMILY = "1,2";
				VALIDATE_PRODUCT = YES;
			};
			name = Release;
		};
/* End XCBuildConfiguration section */

/* Begin XCConfigurationList section */
		A0000000101 /* Build configuration list for PBXProject "SimpleTimesheet" */ = {
			isa = XCConfigurationList;
			buildConfigurations = (
				A0000000102 /* Debug */,
				A0000000103 /* Release */,
			);
			defaultConfigurationIsVisible = 0;
			defaultConfigurationName = Release;
		};
		A1000000010 /* Build configuration list for PBXNativeTarget "SimpleTimesheet" */ = {
			isa = XCConfigurationList;
			buildConfigurations = (
				A1000000011 /* Debug */,
				A1000000012 /* Release */,
			);
			defaultConfigurationIsVisible = 0;
			defaultConfigurationName = Release;
		};
		A2000000010 /* Build configuration list for PBXNativeTarget "SimpleTimesheetMac" */ = {
			isa = XCConfigurationList;
			buildConfigurations = (
				A2000000011 /* Debug */,
				A2000000012 /* Release */,
			);
			defaultConfigurationIsVisible = 0;
			defaultConfigurationName = Release;
		};
		A3000000010 /* Build configuration list for PBXNativeTarget "SimpleTimesheetWidgetExtension" */ = {
			isa = XCConfigurationList;
			buildConfigurations = (
				A3000000011 /* Debug */,
				A3000000012 /* Release */,
			);
			defaultConfigurationIsVisible = 0;
			defaultConfigurationName = Release;
		};
/* End XCConfigurationList section */
	};
	rootObject = A0000000100 /* Project object */;
}
